
Microsoft Visual Studio Solution File, Format Version 12.00
# Visual Studio Version 16
VisualStudioVersion = 16.0.29613.14
MinimumVisualStudioVersion = 10.0.40219.1
Project("{9A19103F-16F7-4668-BE54-9A1E7A4F7556}") = "MozambikMVC", "MozambikMVC\MozambikMVC.csproj", "{D1EAB052-F6EE-4707-8A06-A83CAD07670F}"
EndProject
Global
	GlobalSection(SolutionConfigurationPlatforms) = preSolution
		Debug|Any CPU = Debug|Any CPU
		Release|Any CPU = Release|Any CPU
	EndGlobalSection
	GlobalSection(ProjectConfigurationPlatforms) = postSolution
		{D1EAB052-F6EE-4707-8A06-A83CAD07670F}.Debug|Any CPU.ActiveCfg = Debug|Any CPU
		{D1EAB052-F6EE-4707-8A06-A83CAD07670F}.Debug|Any CPU.Build.0 = Debug|Any CPU
		{D1EAB052-F6EE-4707-8A06-A83CAD07670F}.Release|Any CPU.ActiveCfg = Release|Any CPU
		{D1EAB052-F6EE-4707-8A06-A83CAD07670F}.Release|Any CPU.Build.0 = Release|Any CPU
	EndGlobalSection
	GlobalSection(SolutionProperties) = preSolution
		HideSolutionNode = FALSE
	EndGlobalSection
	GlobalSection(ExtensibilityGlobals) = postSolution
		SolutionGuid = {95C4C982-9C6E-47A1-A0E2-736C4C7E9B4E}
	EndGlobalSection
EndGlobal
